// !$*UTF8*$!
{
	archiveVersion = 1;
	classes = {
	};
	objectVersion = 46;
	objects = {

/* Begin PBXBuildFile section */
		0AE566541E26528800582ABA /* AppDelegate.swift in Sources */ = {isa = PBXBuildFile; fileRef = 0AE566531E26528800582ABA /* AppDelegate.swift */; };
		0AE566561E26528800582ABA /* ViewController.swift in Sources */ = {isa = PBXBuildFile; fileRef = 0AE566551E26528800582ABA /* ViewController.swift */; };
		0AE566591E26528800582ABA /* Main.storyboard in Resources */ = {isa = PBXBuildFile; fileRef = 0AE566571E26528800582ABA /* Main.storyboard */; };
		0AE5665B1E26528800582ABA /* Assets.xcassets in Resources */ = {isa = PBXBuildFile; fileRef = 0AE5665A1E26528800582ABA /* Assets.xcassets */; };
		0AE5665E1E26528800582ABA /* LaunchScreen.storyboard in Resources */ = {isa = PBXBuildFile; fileRef = 0AE5665C1E26528800582ABA /* LaunchScreen.storyboard */; };
/* End PBXBuildFile section */

/* Begin PBXFileReference section */
		0AE566501E26528800582ABA /* 1 - ScrollView With Buttons.app */ = {isa = PBXFileReference; explicitFileType = wrapper.application; includeInIndex = 0; path = "1 - ScrollView With Buttons.app"; sourceTree = BUILT_PRODUCTS_DIR; };
		0AE566531E26528800582ABA /* AppDelegate.swift */ = {isa = PBXFileReference; lastKnownFileType = sourcecode.swift; path = AppDelegate.swift; sourceTree = "<group>"; };
		0AE566551E26528800582ABA /* ViewController.swift */ = {isa = PBXFileReference; lastKnownFileType = sourcecode.swift; path = ViewController.swift; sourceTree = "<group>"; };
		0AE566581E26528800582ABA /* Base */ = {isa = PBXFileReference; lastKnownFileType = file.storyboard; name = Base; path = Base.lproj/Main.storyboard; sourceTree = "<group>"; };
		0AE5665A1E26528800582ABA /* Assets.xcassets */ = {isa = PBXFileReference; lastKnownFileType = folder.assetcatalog; path = Assets.xcassets; sourceTree = "<group>"; };
		0AE5665D1E26528800582ABA /* Base */ = {isa = PBXFileReference; lastKnownFileType = file.storyboard; name = Base; path = Base.lproj/LaunchScreen.storyboard; sourceTree = "<group>"; };
		0AE5665F1E26528800582ABA /* Info.plist */ = {isa = PBXFileReference; lastKnownFileType = text.plist.xml; path = Info.plist; sourceTree = "<group>"; };
/* End PBXFileReference section */

/* Begin PBXFrameworksBuildPhase section */
		0AE5664D1E26528800582ABA /* Frameworks */ = {
			isa = PBXFrameworksBuildPhase;
			buildActionMask = 2147483647;
			files = (
			);
			runOnlyForDeploymentPostprocessing = 0;
		};
/* End PBXFrameworksBuildPhase section */

/* Begin PBXGroup section */
		0AE566471E26528800582ABA = {
			isa = PBXGroup;
			children = (
				0AE566521E26528800582ABA /* 1 - ScrollView With Buttons */,
				0AE566511E26528800582ABA /* Products */,
			);
			sourceTree = "<group>";
		};
		0AE566511E26528800582ABA /* Products */ = {
			isa = PBXGroup;
			children = (
				0AE566501E26528800582ABA /* 1 - ScrollView With Buttons.app */,
			);
			name = Products;
			sourceTree = "<group>";
		};
		0AE566521E26528800582ABA /* 1 - ScrollView With Buttons */ = {
			isa = PBXGroup;
			children = (
				0AE566531E26528800582ABA /* AppDelegate.swift */,
				0AE566551E26528800582ABA /* ViewController.swift */,
				0AE566571E26528800582ABA /* Main.storyboard */,
				0AE5665A1E26528800582ABA /* Assets.xcassets */,
				0AE5665C1E26528800582ABA /* LaunchScreen.storyboard */,
				0AE5665F1E26528800582ABA /* Info.plist */,
			);
			path = "1 - ScrollView With Buttons";
			sourceTree = "<group>";
		};
/* End PBXGroup section */

/* Begin PBXNativeTarget section */
		0AE5664F1E26528800582ABA /* 1 - ScrollView With Buttons */ = {
			isa = PBXNativeTarget;
			buildConfigurationList = 0AE566621E26528800582ABA /* Build configuration list for PBXNativeTarget "1 - ScrollView With Buttons" */;
			buildPhases = (
				0AE5664C1E26528800582ABA /* Sources */,
				0AE5664D1E26528800582ABA /* Frameworks */,
				0AE5664E1E26528800582ABA /* Resources */,
			);
			buildRules = (
			);
			dependencies = (
			);
			name = "1 - ScrollView With Buttons";
			productName = "1 - ScrollView With Buttons";
			productReference = 0AE566501E26528800582ABA /* 1 - ScrollView With Buttons.app */;
			productType = "com.apple.product-type.application";
		};
/* End PBXNativeTarget section */

/* Begin PBXProject section */
		0AE566481E26528800582ABA /* Project object */ = {
			isa = PBXProject;
			attributes = {
				LastSwiftUpdateCheck = 0820;
				LastUpgradeCheck = 0820;
				TargetAttributes = {
					0AE5664F1E26528800582ABA = {
						CreatedOnToolsVersion = 8.2;
						DevelopmentTeam = 4A6EE6GUS7;
						ProvisioningStyle = Automatic;
					};
				};
			};
			buildConfigurationList = 0AE5664B1E26528800582ABA /* Build configuration list for PBXProject "1 - ScrollView With Buttons" */;
			compatibilityVersion = "Xcode 3.2";
			developmentRegion = English;
			hasScannedForEncodings = 0;
			knownRegions = (
				en,
				Base,
			);
			mainGroup = 0AE566471E26528800582ABA;
			productRefGroup = 0AE566511E26528800582ABA /* Products */;
			projectDirPath = "";
			projectRoot = "";
			targets = (
				0AE5664F1E26528800582ABA /* 1 - ScrollView With Buttons */,
			);
		};
/* End PBXProject section */

/* Begin PBXResourcesBuildPhase section */
		0AE5664E1E26528800582ABA /* Resources */ = {
			isa = PBXResourcesBuildPhase;
			buildActionMask = 2147483647;
			files = (
				0AE5665E1E26528800582ABA /* LaunchScreen.storyboard in Resources */,
				0AE5665B1E26528800582ABA /* Assets.xcassets in Resources */,
				0AE566591E26528800582ABA /* Main.storyboard in Resources */,
			);
			runOnlyForDeploymentPostprocessing = 0;
		};
/* End PBXResourcesBuildPhase section */

/* Begin PBXSourcesBuildPhase section */
		0AE5664C1E26528800582ABA /* Sources */ = {
			isa = PBXSourcesBuildPhase;
			buildActionMask = 2147483647;
			files = (
				0AE566561E26528800582ABA /* ViewController.swift in Sources */,
				0AE566541E26528800582ABA /* AppDelegate.swift in Sources */,
			);
			runOnlyForDeploymentPostprocessing = 0;
		};
/* End PBXSourcesBuildPhase section */

/* Begin PBXVariantGroup section */
		0AE566571E26528800582ABA /* Main.storyboard */ = {
			isa = PBXVariantGroup;
			children = (
				0AE566581E26528800582ABA /* Base */,
			);
			name = Main.storyboard;
			sourceTree = "<group>";
		};
		0AE5665C1E26528800582ABA /* LaunchScreen.storyboard */ = {
			isa = PBXVariantGroup;
			children = (
				0AE5665D1E26528800582ABA /* Base */,
			);
			name = LaunchScreen.storyboard;
			sourceTree = "<group>";
		};
/* End PBXVariantGroup section */

/* Begin XCBuildConfiguration section */
		0AE566601E26528800582ABA /* Debug */ = {
			isa = XCBuildConfiguration;
			buildSettings = {
				ALWAYS_SEARCH_USER_PATHS = NO;
				CLANG_ANALYZER_NONNULL = YES;
				CLANG_CXX_LANGUAGE_STANDARD = "gnu++0x";
				CLANG_CXX_LIBRARY = "libc++";
				CLANG_ENABLE_MODULES = YES;
				CLANG_ENABLE_OBJC_ARC = YES;
				CLANG_WARN_BOOL_CONVERSION = YES;
				CLANG_WARN_CONSTANT_CONVERSION = YES;
				CLANG_WARN_DIRECT_OBJC_ISA_USAGE = YES_ERROR;
				CLANG_WARN_DOCUMENTATION_COMMENTS = YES;
				CLANG_WARN_EMPTY_BODY = YES;
				CLANG_WARN_ENUM_CONVERSION = YES;
				CLANG_WARN_INFINITE_RECURSION = YES;
				CLANG_WARN_INT_CONVERSION = YES;
				CLANG_WARN_OBJC_ROOT_CLASS = YES_ERROR;
				CLANG_WARN_SUSPICIOUS_MOVE = YES;
				CLANG_WARN_UNREACHABLE_CODE = YES;
				CLANG_WARN__DUPLICATE_METHOD_MATCH = YES;
				"CODE_SIGN_IDENTITY[sdk=iphoneos*]" = "iPhone Developer";
				COPY_PHASE_STRIP = NO;
				DEBUG_INFORMATION_FORMAT = dwarf;
				ENABLE_STRICT_OBJC_MSGSEND = YES;
				ENABLE_TESTABILITY = YES;
				GCC_C_LANGUAGE_STANDARD = gnu99;
				GCC_DYNAMIC_NO_PIC = NO;
				GCC_NO_COMMON_BLOCKS = YES;
				GCC_OPTIMIZATION_LEVEL = 0;
				GCC_PREPROCESSOR_DEFINITIONS = (
					"DEBUG=1",
					"$(inherited)",
				);
				GCC_WARN_64_TO_32_BIT_CONVERSION = YES;
				GCC_WARN_ABOUT_RETURN_TYPE = YES_ERROR;
				GCC_WARN_UNDECLARED_SELECTOR = YES;
				GCC_WARN_UNINITIALIZED_AUTOS = YES_AGGRESSIVE;
				GCC_WARN_UNUSED_FUNCTION = YES;
				GCC_WARN_UNUSED_VARIABLE = YES;
				IPHONEOS_DEPLOYMENT_TARGET = 10.2;
				MTL_ENABLE_DEBUG_INFO = YES;
				ONLY_ACTIVE_ARCH = YES;
				SDKROOT = iphoneos;
				SWIFT_ACTIVE_COMPILATION_CONDITIONS = DEBUG;
				SWIFT_OPTIMIZATION_LEVEL = "-Onone";
				TARGETED_DEVICE_FAMILY = "1,2";
			};
			name = Debug;
		};
		0AE566611E26528800582ABA /* Release */ = {
			isa = XCBuildConfiguration;
			buildSettings = {
				ALWAYS_SEARCH_USER_PATHS = NO;
				CLANG_ANALYZER_NONNULL = YES;
				CLANG_CXX_LANGUAGE_STANDARD = "gnu++0x";
				CLANG_CXX_LIBRARY = "libc++";
				CLANG_ENABLE_MODULES = YES;
				CLANG_ENABLE_OBJC_ARC = YES;
				CLANG_WARN_BOOL_CONVERSION = YES;
				CLANG_WARN_CONSTANT_CONVERSION = YES;
				CLANG_WARN_DIRECT_OBJC_ISA_USAGE = YES_ERROR;
				CLANG_WARN_DOCUMENTATION_COMMENTS = YES;
				CLANG_WARN_EMPTY_BODY = YES;
				CLANG_WARN_ENUM_CONVERSION = YES;
				CLANG_WARN_INFINITE_RECURSION = YES;
				CLANG_WARN_INT_CONVERSION = YES;
				CLANG_WARN_OBJC_ROOT_CLASS = YES_ERROR;
				CLANG_WARN_SUSPICIOUS_MOVE = YES;
				CLANG_WARN_UNREACHABLE_CODE = YES;
				CLANG_WARN__DUPLICATE_METHOD_MATCH = YES;
				"CODE_SIGN_IDENTITY[sdk=iphoneos*]" = "iPhone Developer";
				COPY_PHASE_STRIP = NO;
				DEBUG_INFORMATION_FORMAT = "dwarf-with-dsym";
				ENABLE_NS_ASSERTIONS = NO;
				ENABLE_STRICT_OBJC_MSGSEND = YES;
				GCC_C_LANGUAGE_STANDARD = gnu99;
				GCC_NO_COMMON_BLOCKS = YES;
				GCC_WARN_64_TO_32_BIT_CONVERSION = YES;
				GCC_WARN_ABOUT_RETURN_TYPE = YES_ERROR;
				GCC_WARN_UNDECLARED_SELECTOR = YES;
				GCC_WARN_UNINITIALIZED_AUTOS = YES_AGGRESSIVE;
				GCC_WARN_UNUSED_FUNCTION = YES;
				GCC_WARN_UNUSED_VARIABLE = YES;
				IPHONEOS_DEPLOYMENT_TARGET = 10.2;
				MTL_ENABLE_DEBUG_INFO = NO;
				SDKROOT = iphoneos;
				SWIFT_OPTIMIZATION_LEVEL = "-Owholemodule";
				TARGETED_DEVICE_FAMILY = "1,2";
				VALIDATE_PRODUCT = YES;
			};
			name = Release;
		};
		0AE566631E26528800582ABA /* Debug */ = {
			isa = XCBuildConfiguration;
			buildSettings = {
				ASSETCATALOG_COMPILER_APPICON_NAME = AppIcon;
				DEVELOPMENT_TEAM = 4A6EE6GUS7;
				INFOPLIST_FILE = "1 - ScrollView With Buttons/Info.plist";
				LD_RUNPATH_SEARCH_PATHS = "$(inherited) @executable_path/Frameworks";
				PRODUCT_BUNDLE_IDENTIFIER = "com.minura.iddamalgoda.----ScrollView-With-Buttons";
				PRODUCT_NAME = "$(TARGET_NAME)";
				SWIFT_VERSION = 3.0;
			};
			name = Debug;
		};
		0AE566641E26528800582ABA /* Release */ = {
			isa = XCBuildConfiguration;
			buildSettings = {
				ASSETCATALOG_COMPILER_APPICON_NAME = AppIcon;
				DEVELOPMENT_TEAM = 4A6EE6GUS7;
				INFOPLIST_FILE = "1 - ScrollView With Buttons/Info.plist";
				LD_RUNPATH_SEARCH_PATHS = "$(inherited) @executable_path/Frameworks";
				PRODUCT_BUNDLE_IDENTIFIER = "com.minura.iddamalgoda.----ScrollView-With-Buttons";
				PRODUCT_NAME = "$(TARGET_NAME)";
				SWIFT_VERSION = 3.0;
			};
			name = Release;
		};
/* End XCBuildConfiguration section */

/* Begin XCConfigurationList section */
		0AE5664B1E26528800582ABA /* Build configuration list for PBXProject "1 - ScrollView With Buttons" */ = {
			isa = XCConfigurationList;
			buildConfigurations = (
				0AE566601E26528800582ABA /* Debug */,
				0AE566611E26528800582ABA /* Release */,
			);
			defaultConfigurationIsVisible = 0;
			defaultConfigurationName = Release;
		};
		0AE566621E26528800582ABA /* Build configuration list for PBXNativeTarget "1 - ScrollView With Buttons" */ = {
			isa = XCConfigurationList;
			buildConfigurations = (
				0AE566631E26528800582ABA /* Debug */,
				0AE566641E26528800582ABA /* Release */,
			);
			defaultConfigurationIsVisible = 0;
		};
/* End XCConfigurationList section */
	};
	rootObject = 0AE566481E26528800582ABA /* Project object */;
}
