// !$*UTF8*$!
{
	archiveVersion = 1;
	classes = {
	};
	objectVersion = 46;
	objects = {

/* Begin PBXBuildFile section */
		0ACC828C1E29EA1300FCB31A /* AppDelegate.swift in Sources */ = {isa = PBXBuildFile; fileRef = 0ACC828B1E29EA1300FCB31A /* AppDelegate.swift */; };
		0ACC828E1E29EA1300FCB31A /* ViewController.swift in Sources */ = {isa = PBXBuildFile; fileRef = 0ACC828D1E29EA1300FCB31A /* ViewController.swift */; };
		0ACC82911E29EA1300FCB31A /* Main.storyboard in Resources */ = {isa = PBXBuildFile; fileRef = 0ACC828F1E29EA1300FCB31A /* Main.storyboard */; };
		0ACC82931E29EA1300FCB31A /* Assets.xcassets in Resources */ = {isa = PBXBuildFile; fileRef = 0ACC82921E29EA1300FCB31A /* Assets.xcassets */; };
		0ACC82961E29EA1300FCB31A /* LaunchScreen.storyboard in Resources */ = {isa = PBXBuildFile; fileRef = 0ACC82941E29EA1300FCB31A /* LaunchScreen.storyboard */; };
/* End PBXBuildFile section */

/* Begin PBXFileReference section */
		0ACC82881E29EA1300FCB31A /* 4 - Calculator.app */ = {isa = PBXFileReference; explicitFileType = wrapper.application; includeInIndex = 0; path = "4 - Calculator.app"; sourceTree = BUILT_PRODUCTS_DIR; };
		0ACC828B1E29EA1300FCB31A /* AppDelegate.swift */ = {isa = PBXFileReference; lastKnownFileType = sourcecode.swift; path = AppDelegate.swift; sourceTree = "<group>"; };
		0ACC828D1E29EA1300FCB31A /* ViewController.swift */ = {isa = PBXFileReference; lastKnownFileType = sourcecode.swift; path = ViewController.swift; sourceTree = "<group>"; };
		0ACC82901E29EA1300FCB31A /* Base */ = {isa = PBXFileReference; lastKnownFileType = file.storyboard; name = Base; path = Base.lproj/Main.storyboard; sourceTree = "<group>"; };
		0ACC82921E29EA1300FCB31A /* Assets.xcassets */ = {isa = PBXFileReference; lastKnownFileType = folder.assetcatalog; path = Assets.xcassets; sourceTree = "<group>"; };
		0ACC82951E29EA1300FCB31A /* Base */ = {isa = PBXFileReference; lastKnownFileType = file.storyboard; name = Base; path = Base.lproj/LaunchScreen.storyboard; sourceTree = "<group>"; };
		0ACC82971E29EA1300FCB31A /* Info.plist */ = {isa = PBXFileReference; lastKnownFileType = text.plist.xml; path = Info.plist; sourceTree = "<group>"; };
/* End PBXFileReference section */

/* Begin PBXFrameworksBuildPhase section */
		0ACC82851E29EA1300FCB31A /* Frameworks */ = {
			isa = PBXFrameworksBuildPhase;
			buildActionMask = 2147483647;
			files = (
			);
			runOnlyForDeploymentPostprocessing = 0;
		};
/* End PBXFrameworksBuildPhase section */

/* Begin PBXGroup section */
		0ACC827F1E29EA1300FCB31A = {
			isa = PBXGroup;
			children = (
				0ACC828A1E29EA1300FCB31A /* 4 - Calculator */,
				0ACC82891E29EA1300FCB31A /* Products */,
			);
			sourceTree = "<group>";
		};
		0ACC82891E29EA1300FCB31A /* Products */ = {
			isa = PBXGroup;
			children = (
				0ACC82881E29EA1300FCB31A /* 4 - Calculator.app */,
			);
			name = Products;
			sourceTree = "<group>";
		};
		0ACC828A1E29EA1300FCB31A /* 4 - Calculator */ = {
			isa = PBXGroup;
			children = (
				0ACC828B1E29EA1300FCB31A /* AppDelegate.swift */,
				0ACC828D1E29EA1300FCB31A /* ViewController.swift */,
				0ACC828F1E29EA1300FCB31A /* Main.storyboard */,
				0ACC82921E29EA1300FCB31A /* Assets.xcassets */,
				0ACC82941E29EA1300FCB31A /* LaunchScreen.storyboard */,
				0ACC82971E29EA1300FCB31A /* Info.plist */,
			);
			path = "4 - Calculator";
			sourceTree = "<group>";
		};
/* End PBXGroup section */

/* Begin PBXNativeTarget section */
		0ACC82871E29EA1300FCB31A /* 4 - Calculator */ = {
			isa = PBXNativeTarget;
			buildConfigurationList = 0ACC829A1E29EA1400FCB31A /* Build configuration list for PBXNativeTarget "4 - Calculator" */;
			buildPhases = (
				0ACC82841E29EA1300FCB31A /* Sources */,
				0ACC82851E29EA1300FCB31A /* Frameworks */,
				0ACC82861E29EA1300FCB31A /* Resources */,
			);
			buildRules = (
			);
			dependencies = (
			);
			name = "4 - Calculator";
			productName = "4 - Calculator";
			productReference = 0ACC82881E29EA1300FCB31A /* 4 - Calculator.app */;
			productType = "com.apple.product-type.application";
		};
/* End PBXNativeTarget section */

/* Begin PBXProject section */
		0ACC82801E29EA1300FCB31A /* Project object */ = {
			isa = PBXProject;
			attributes = {
				LastSwiftUpdateCheck = 0820;
				LastUpgradeCheck = 0820;
				ORGANIZATIONNAME = "Minura Iddamalgoda";
				TargetAttributes = {
					0ACC82871E29EA1300FCB31A = {
						CreatedOnToolsVersion = 8.2;
						DevelopmentTeam = 4A6EE6GUS7;
						ProvisioningStyle = Automatic;
					};
				};
			};
			buildConfigurationList = 0ACC82831E29EA1300FCB31A /* Build configuration list for PBXProject "4 - Calculator" */;
			compatibilityVersion = "Xcode 3.2";
			developmentRegion = English;
			hasScannedForEncodings = 0;
			knownRegions = (
				en,
				Base,
			);
			mainGroup = 0ACC827F1E29EA1300FCB31A;
			productRefGroup = 0ACC82891E29EA1300FCB31A /* Products */;
			projectDirPath = "";
			projectRoot = "";
			targets = (
				0ACC82871E29EA1300FCB31A /* 4 - Calculator */,
			);
		};
/* End PBXProject section */

/* Begin PBXResourcesBuildPhase section */
		0ACC82861E29EA1300FCB31A /* Resources */ = {
			isa = PBXResourcesBuildPhase;
			buildActionMask = 2147483647;
			files = (
				0ACC82961E29EA1300FCB31A /* LaunchScreen.storyboard in Resources */,
				0ACC82931E29EA1300FCB31A /* Assets.xcassets in Resources */,
				0ACC82911E29EA1300FCB31A /* Main.storyboard in Resources */,
			);
			runOnlyForDeploymentPostprocessing = 0;
		};
/* End PBXResourcesBuildPhase section */

/* Begin PBXSourcesBuildPhase section */
		0ACC82841E29EA1300FCB31A /* Sources */ = {
			isa = PBXSourcesBuildPhase;
			buildActionMask = 2147483647;
			files = (
				0ACC828E1E29EA1300FCB31A /* ViewController.swift in Sources */,
				0ACC828C1E29EA1300FCB31A /* AppDelegate.swift in Sources */,
			);
			runOnlyForDeploymentPostprocessing = 0;
		};
/* End PBXSourcesBuildPhase section */

/* Begin PBXVariantGroup section */
		0ACC828F1E29EA1300FCB31A /* Main.storyboard */ = {
			isa = PBXVariantGroup;
			children = (
				0ACC82901E29EA1300FCB31A /* Base */,
			);
			name = Main.storyboard;
			sourceTree = "<group>";
		};
		0ACC82941E29EA1300FCB31A /* LaunchScreen.storyboard */ = {
			isa = PBXVariantGroup;
			children = (
				0ACC82951E29EA1300FCB31A /* Base */,
			);
			name = LaunchScreen.storyboard;
			sourceTree = "<group>";
		};
/* End PBXVariantGroup section */

/* Begin XCBuildConfiguration section */
		0ACC82981E29EA1300FCB31A /* Debug */ = {
			isa = XCBuildConfiguration;
			buildSettings = {
				ALWAYS_SEARCH_USER_PATHS = NO;
				CLANG_ANALYZER_NONNULL = YES;
				CLANG_CXX_LANGUAGE_STANDARD = "gnu++0x";
				CLANG_CXX_LIBRARY = "libc++";
				CLANG_ENABLE_MODULES = YES;
				CLANG_ENABLE_OBJC_ARC = YES;
				CLANG_WARN_BOOL_CONVERSION = YES;
				CLANG_WARN_CONSTANT_CONVERSION = YES;
				CLANG_WARN_DIRECT_OBJC_ISA_USAGE = YES_ERROR;
				CLANG_WARN_DOCUMENTATION_COMMENTS = YES;
				CLANG_WARN_EMPTY_BODY = YES;
				CLANG_WARN_ENUM_CONVERSION = YES;
				CLANG_WARN_INFINITE_RECURSION = YES;
				CLANG_WARN_INT_CONVERSION = YES;
				CLANG_WARN_OBJC_ROOT_CLASS = YES_ERROR;
				CLANG_WARN_SUSPICIOUS_MOVE = YES;
				CLANG_WARN_UNREACHABLE_CODE = YES;
				CLANG_WARN__DUPLICATE_METHOD_MATCH = YES;
				"CODE_SIGN_IDENTITY[sdk=iphoneos*]" = "iPhone Developer";
				COPY_PHASE_STRIP = NO;
				DEBUG_INFORMATION_FORMAT = dwarf;
				ENABLE_STRICT_OBJC_MSGSEND = YES;
				ENABLE_TESTABILITY = YES;
				GCC_C_LANGUAGE_STANDARD = gnu99;
				GCC_DYNAMIC_NO_PIC = NO;
				GCC_NO_COMMON_BLOCKS = YES;
				GCC_OPTIMIZATION_LEVEL = 0;
				GCC_PREPROCESSOR_DEFINITIONS = (
					"DEBUG=1",
					"$(inherited)",
				);
				GCC_WARN_64_TO_32_BIT_CONVERSION = YES;
				GCC_WARN_ABOUT_RETURN_TYPE = YES_ERROR;
				GCC_WARN_UNDECLARED_SELECTOR = YES;
				GCC_WARN_UNINITIALIZED_AUTOS = YES_AGGRESSIVE;
				GCC_WARN_UNUSED_FUNCTION = YES;
				GCC_WARN_UNUSED_VARIABLE = YES;
				IPHONEOS_DEPLOYMENT_TARGET = 10.2;
				MTL_ENABLE_DEBUG_INFO = YES;
				ONLY_ACTIVE_ARCH = YES;
				SDKROOT = iphoneos;
				SWIFT_ACTIVE_COMPILATION_CONDITIONS = DEBUG;
				SWIFT_OPTIMIZATION_LEVEL = "-Onone";
				TARGETED_DEVICE_FAMILY = "1,2";
			};
			name = Debug;
		};
		0ACC82991E29EA1300FCB31A /* Release */ = {
			isa = XCBuildConfiguration;
			buildSettings = {
				ALWAYS_SEARCH_USER_PATHS = NO;
				CLANG_ANALYZER_NONNULL = YES;
				CLANG_CXX_LANGUAGE_STANDARD = "gnu++0x";
				CLANG_CXX_LIBRARY = "libc++";
				CLANG_ENABLE_MODULES = YES;
				CLANG_ENABLE_OBJC_ARC = YES;
				CLANG_WARN_BOOL_CONVERSION = YES;
				CLANG_WARN_CONSTANT_CONVERSION = YES;
				CLANG_WARN_DIRECT_OBJC_ISA_USAGE = YES_ERROR;
				CLANG_WARN_DOCUMENTATION_COMMENTS = YES;
				CLANG_WARN_EMPTY_BODY = YES;
				CLANG_WARN_ENUM_CONVERSION = YES;
				CLANG_WARN_INFINITE_RECURSION = YES;
				CLANG_WARN_INT_CONVERSION = YES;
				CLANG_WARN_OBJC_ROOT_CLASS = YES_ERROR;
				CLANG_WARN_SUSPICIOUS_MOVE = YES;
				CLANG_WARN_UNREACHABLE_CODE = YES;
				CLANG_WARN__DUPLICATE_METHOD_MATCH = YES;
				"CODE_SIGN_IDENTITY[sdk=iphoneos*]" = "iPhone Developer";
				COPY_PHASE_STRIP = NO;
				DEBUG_INFORMATION_FORMAT = "dwarf-with-dsym";
				ENABLE_NS_ASSERTIONS = NO;
				ENABLE_STRICT_OBJC_MSGSEND = YES;
				GCC_C_LANGUAGE_STANDARD = gnu99;
				GCC_NO_COMMON_BLOCKS = YES;
				GCC_WARN_64_TO_32_BIT_CONVERSION = YES;
				GCC_WARN_ABOUT_RETURN_TYPE = YES_ERROR;
				GCC_WARN_UNDECLARED_SELECTOR = YES;
				GCC_WARN_UNINITIALIZED_AUTOS = YES_AGGRESSIVE;
				GCC_WARN_UNUSED_FUNCTION = YES;
				GCC_WARN_UNUSED_VARIABLE = YES;
				IPHONEOS_DEPLOYMENT_TARGET = 10.2;
				MTL_ENABLE_DEBUG_INFO = NO;
				SDKROOT = iphoneos;
				SWIFT_OPTIMIZATION_LEVEL = "-Owholemodule";
				TARGETED_DEVICE_FAMILY = "1,2";
				VALIDATE_PRODUCT = YES;
			};
			name = Release;
		};
		0ACC829B1E29EA1400FCB31A /* Debug */ = {
			isa = XCBuildConfiguration;
			buildSettings = {
				ASSETCATALOG_COMPILER_APPICON_NAME = AppIcon;
				DEVELOPMENT_TEAM = 4A6EE6GUS7;
				INFOPLIST_FILE = "4 - Calculator/Info.plist";
				LD_RUNPATH_SEARCH_PATHS = "$(inherited) @executable_path/Frameworks";
				PRODUCT_BUNDLE_IDENTIFIER = "com.minura.iddamalgoda.----Calculator";
				PRODUCT_NAME = "$(TARGET_NAME)";
				SWIFT_VERSION = 3.0;
			};
			name = Debug;
		};
		0ACC829C1E29EA1400FCB31A /* Release */ = {
			isa = XCBuildConfiguration;
			buildSettings = {
				ASSETCATALOG_COMPILER_APPICON_NAME = AppIcon;
				DEVELOPMENT_TEAM = 4A6EE6GUS7;
				INFOPLIST_FILE = "4 - Calculator/Info.plist";
				LD_RUNPATH_SEARCH_PATHS = "$(inherited) @executable_path/Frameworks";
				PRODUCT_BUNDLE_IDENTIFIER = "com.minura.iddamalgoda.----Calculator";
				PRODUCT_NAME = "$(TARGET_NAME)";
				SWIFT_VERSION = 3.0;
			};
			name = Release;
		};
/* End XCBuildConfiguration section */

/* Begin XCConfigurationList section */
		0ACC82831E29EA1300FCB31A /* Build configuration list for PBXProject "4 - Calculator" */ = {
			isa = XCConfigurationList;
			buildConfigurations = (
				0ACC82981E29EA1300FCB31A /* Debug */,
				0ACC82991E29EA1300FCB31A /* Release */,
			);
			defaultConfigurationIsVisible = 0;
			defaultConfigurationName = Release;
		};
		0ACC829A1E29EA1400FCB31A /* Build configuration list for PBXNativeTarget "4 - Calculator" */ = {
			isa = XCConfigurationList;
			buildConfigurations = (
				0ACC829B1E29EA1400FCB31A /* Debug */,
				0ACC829C1E29EA1400FCB31A /* Release */,
			);
			defaultConfigurationIsVisible = 0;
		};
/* End XCConfigurationList section */
	};
	rootObject = 0ACC82801E29EA1300FCB31A /* Project object */;
}
